// !$*UTF8*$!
{
	archiveVersion = 1;
	classes = {
	};
	objectVersion = 46;
	objects = {

/* Begin PBXBuildFile section */
		A1B77810198AD5AB001BBD9F /* Foundation.framework in Frameworks */ = {isa = PBXBuildFile; fileRef = A1B7780F198AD5AB001BBD9F /* Foundation.framework */; };
		A1B77812198AD5AB001BBD9F /* CoreGraphics.framework in Frameworks */ = {isa = PBXBuildFile; fileRef = A1B77811198AD5AB001BBD9F /* CoreGraphics.framework */; };
		A1B77814198AD5AB001BBD9F /* UIKit.framework in Frameworks */ = {isa = PBXBuildFile; fileRef = A1B77813198AD5AB001BBD9F /* UIKit.framework */; };
		A1B7781A198AD5AB001BBD9F /* InfoPlist.strings in Resources */ = {isa = PBXBuildFile; fileRef = A1B77818198AD5AB001BBD9F /* InfoPlist.strings */; };
		A1B7781C198AD5AB001BBD9F /* main.m in Sources */ = {isa = PBXBuildFile; fileRef = A1B7781B198AD5AB001BBD9F /* main.m */; };
		A1B77820198AD5AB001BBD9F /* BNRAppDelegate.m in Sources */ = {isa = PBXBuildFile; fileRef = A1B7781F198AD5AB001BBD9F /* BNRAppDelegate.m */; };
		A1B77822198AD5AB001BBD9F /* Images.xcassets in Resources */ = {isa = PBXBuildFile; fileRef = A1B77821198AD5AB001BBD9F /* Images.xcassets */; };
		A1B77829198AD5AB001BBD9F /* XCTest.framework in Frameworks */ = {isa = PBXBuildFile; fileRef = A1B77828198AD5AB001BBD9F /* XCTest.framework */; };
		A1B7782A198AD5AB001BBD9F /* Foundation.framework in Frameworks */ = {isa = PBXBuildFile; fileRef = A1B7780F198AD5AB001BBD9F /* Foundation.framework */; };
		A1B7782B198AD5AB001BBD9F /* UIKit.framework in Frameworks */ = {isa = PBXBuildFile; fileRef = A1B77813198AD5AB001BBD9F /* UIKit.framework */; };
		A1B77833198AD5AB001BBD9F /* InfoPlist.strings in Resources */ = {isa = PBXBuildFile; fileRef = A1B77831198AD5AB001BBD9F /* InfoPlist.strings */; };
		A1B77835198AD5AB001BBD9F /* QuizTests.m in Sources */ = {isa = PBXBuildFile; fileRef = A1B77834198AD5AB001BBD9F /* QuizTests.m */; };
/* End PBXBuildFile section */

/* Begin PBXContainerItemProxy section */
		A1B7782C198AD5AB001BBD9F /* PBXContainerItemProxy */ = {
			isa = PBXContainerItemProxy;
			containerPortal = A1B77804198AD5AA001BBD9F /* Project object */;
			proxyType = 1;
			remoteGlobalIDString = A1B7780B198AD5AB001BBD9F;
			remoteInfo = Quiz;
		};
/* End PBXContainerItemProxy section */

/* Begin PBXFileReference section */
		A1B7780C198AD5AB001BBD9F /* Quiz.app */ = {isa = PBXFileReference; explicitFileType = wrapper.application; includeInIndex = 0; path = Quiz.app; sourceTree = BUILT_PRODUCTS_DIR; };
		A1B7780F198AD5AB001BBD9F /* Foundation.framework */ = {isa = PBXFileReference; lastKnownFileType = wrapper.framework; name = Foundation.framework; path = System/Library/Frameworks/Foundation.framework; sourceTree = SDKROOT; };
		A1B77811198AD5AB001BBD9F /* CoreGraphics.framework */ = {isa = PBXFileReference; lastKnownFileType = wrapper.framework; name = CoreGraphics.framework; path = System/Library/Frameworks/CoreGraphics.framework; sourceTree = SDKROOT; };
		A1B77813198AD5AB001BBD9F /* UIKit.framework */ = {isa = PBXFileReference; lastKnownFileType = wrapper.framework; name = UIKit.framework; path = System/Library/Frameworks/UIKit.framework; sourceTree = SDKROOT; };
		A1B77817198AD5AB001BBD9F /* Quiz-Info.plist */ = {isa = PBXFileReference; lastKnownFileType = text.plist.xml; path = "Quiz-Info.plist"; sourceTree = "<group>"; };
		A1B77819198AD5AB001BBD9F /* en */ = {isa = PBXFileReference; lastKnownFileType = text.plist.strings; name = en; path = en.lproj/InfoPlist.strings; sourceTree = "<group>"; };
		A1B7781B198AD5AB001BBD9F /* main.m */ = {isa = PBXFileReference; lastKnownFileType = sourcecode.c.objc; path = main.m; sourceTree = "<group>"; };
		A1B7781D198AD5AB001BBD9F /* Quiz-Prefix.pch */ = {isa = PBXFileReference; lastKnownFileType = sourcecode.c.h; path = "Quiz-Prefix.pch"; sourceTree = "<group>"; };
		A1B7781E198AD5AB001BBD9F /* BNRAppDelegate.h */ = {isa = PBXFileReference; lastKnownFileType = sourcecode.c.h; path = BNRAppDelegate.h; sourceTree = "<group>"; };
		A1B7781F198AD5AB001BBD9F /* BNRAppDelegate.m */ = {isa = PBXFileReference; lastKnownFileType = sourcecode.c.objc; path = BNRAppDelegate.m; sourceTree = "<group>"; };
		A1B77821198AD5AB001BBD9F /* Images.xcassets */ = {isa = PBXFileReference; lastKnownFileType = folder.assetcatalog; path = Images.xcassets; sourceTree = "<group>"; };
		A1B77827198AD5AB001BBD9F /* QuizTests.xctest */ = {isa = PBXFileReference; explicitFileType = wrapper.cfbundle; includeInIndex = 0; path = QuizTests.xctest; sourceTree = BUILT_PRODUCTS_DIR; };
		A1B77828198AD5AB001BBD9F /* XCTest.framework */ = {isa = PBXFileReference; lastKnownFileType = wrapper.framework; name = XCTest.framework; path = Library/Frameworks/XCTest.framework; sourceTree = DEVELOPER_DIR; };
		A1B77830198AD5AB001BBD9F /* QuizTests-Info.plist */ = {isa = PBXFileReference; lastKnownFileType = text.plist.xml; path = "QuizTests-Info.plist"; sourceTree = "<group>"; };
		A1B77832198AD5AB001BBD9F /* en */ = {isa = PBXFileReference; lastKnownFileType = text.plist.strings; name = en; path = en.lproj/InfoPlist.strings; sourceTree = "<group>"; };
		A1B77834198AD5AB001BBD9F /* QuizTests.m */ = {isa = PBXFileReference; lastKnownFileType = sourcecode.c.objc; path = QuizTests.m; sourceTree = "<group>"; };
/* End PBXFileReference section */

/* Begin PBXFrameworksBuildPhase section */
		A1B77809198AD5AB001BBD9F /* Frameworks */ = {
			isa = PBXFrameworksBuildPhase;
			buildActionMask = 2147483647;
			files = (
				A1B77812198AD5AB001BBD9F /* CoreGraphics.framework in Frameworks */,
				A1B77814198AD5AB001BBD9F /* UIKit.framework in Frameworks */,
				A1B77810198AD5AB001BBD9F /* Foundation.framework in Frameworks */,
			);
			runOnlyForDeploymentPostprocessing = 0;
		};
		A1B77824198AD5AB001BBD9F /* Frameworks */ = {
			isa = PBXFrameworksBuildPhase;
			buildActionMask = 2147483647;
			files = (
				A1B77829198AD5AB001BBD9F /* XCTest.framework in Frameworks */,
				A1B7782B198AD5AB001BBD9F /* UIKit.framework in Frameworks */,
				A1B7782A198AD5AB001BBD9F /* Foundation.framework in Frameworks */,
			);
			runOnlyForDeploymentPostprocessing = 0;
		};
/* End PBXFrameworksBuildPhase section */

/* Begin PBXGroup section */
		A1B77803198AD5AA001BBD9F = {
			isa = PBXGroup;
			children = (
				A1B77815198AD5AB001BBD9F /* Quiz */,
				A1B7782E198AD5AB001BBD9F /* QuizTests */,
				A1B7780E198AD5AB001BBD9F /* Frameworks */,
				A1B7780D198AD5AB001BBD9F /* Products */,
			);
			sourceTree = "<group>";
		};
		A1B7780D198AD5AB001BBD9F /* Products */ = {
			isa = PBXGroup;
			children = (
				A1B7780C198AD5AB001BBD9F /* Quiz.app */,
				A1B77827198AD5AB001BBD9F /* QuizTests.xctest */,
			);
			name = Products;
			sourceTree = "<group>";
		};
		A1B7780E198AD5AB001BBD9F /* Frameworks */ = {
			isa = PBXGroup;
			children = (
				A1B7780F198AD5AB001BBD9F /* Foundation.framework */,
				A1B77811198AD5AB001BBD9F /* CoreGraphics.framework */,
				A1B77813198AD5AB001BBD9F /* UIKit.framework */,
				A1B77828198AD5AB001BBD9F /* XCTest.framework */,
			);
			name = Frameworks;
			sourceTree = "<group>";
		};
		A1B77815198AD5AB001BBD9F /* Quiz */ = {
			isa = PBXGroup;
			children = (
				A1B7781E198AD5AB001BBD9F /* BNRAppDelegate.h */,
				A1B7781F198AD5AB001BBD9F /* BNRAppDelegate.m */,
				A1B77821198AD5AB001BBD9F /* Images.xcassets */,
				A1B77816198AD5AB001BBD9F /* Supporting Files */,
			);
			path = Quiz;
			sourceTree = "<group>";
		};
		A1B77816198AD5AB001BBD9F /* Supporting Files */ = {
			isa = PBXGroup;
			children = (
				A1B77817198AD5AB001BBD9F /* Quiz-Info.plist */,
				A1B77818198AD5AB001BBD9F /* InfoPlist.strings */,
				A1B7781B198AD5AB001BBD9F /* main.m */,
				A1B7781D198AD5AB001BBD9F /* Quiz-Prefix.pch */,
			);
			name = "Supporting Files";
			sourceTree = "<group>";
		};
		A1B7782E198AD5AB001BBD9F /* QuizTests */ = {
			isa = PBXGroup;
			children = (
				A1B77834198AD5AB001BBD9F /* QuizTests.m */,
				A1B7782F198AD5AB001BBD9F /* Supporting Files */,
			);
			path = QuizTests;
			sourceTree = "<group>";
		};
		A1B7782F198AD5AB001BBD9F /* Supporting Files */ = {
			isa = PBXGroup;
			children = (
				A1B77830198AD5AB001BBD9F /* QuizTests-Info.plist */,
				A1B77831198AD5AB001BBD9F /* InfoPlist.strings */,
			);
			name = "Supporting Files";
			sourceTree = "<group>";
		};
/* End PBXGroup section */

/* Begin PBXNativeTarget section */
		A1B7780B198AD5AB001BBD9F /* Quiz */ = {
			isa = PBXNativeTarget;
			buildConfigurationList = A1B77838198AD5AB001BBD9F /* Build configuration list for PBXNativeTarget "Quiz" */;
			buildPhases = (
				A1B77808198AD5AB001BBD9F /* Sources */,
				A1B77809198AD5AB001BBD9F /* Frameworks */,
				A1B7780A198AD5AB001BBD9F /* Resources */,
			);
			buildRules = (
			);
			dependencies = (
			);
			name = Quiz;
			productName = Quiz;
			productReference = A1B7780C198AD5AB001BBD9F /* Quiz.app */;
			productType = "com.apple.product-type.application";
		};
		A1B77826198AD5AB001BBD9F /* QuizTests */ = {
			isa = PBXNativeTarget;
			buildConfigurationList = A1B7783B198AD5AB001BBD9F /* Build configuration list for PBXNativeTarget "QuizTests" */;
			buildPhases = (
				A1B77823198AD5AB001BBD9F /* Sources */,
				A1B77824198AD5AB001BBD9F /* Frameworks */,
				A1B77825198AD5AB001BBD9F /* Resources */,
			);
			buildRules = (
			);
			dependencies = (
				A1B7782D198AD5AB001BBD9F /* PBXTargetDependency */,
			);
			name = QuizTests;
			productName = QuizTests;
			productReference = A1B77827198AD5AB001BBD9F /* QuizTests.xctest */;
			productType = "com.apple.product-type.bundle.unit-test";
		};
/* End PBXNativeTarget section */

/* Begin PBXProject section */
		A1B77804198AD5AA001BBD9F /* Project object */ = {
			isa = PBXProject;
			attributes = {
				CLASSPREFIX = BNR;
				LastUpgradeCheck = 0510;
				ORGANIZATIONNAME = "Zhe Su";
				TargetAttributes = {
					A1B77826198AD5AB001BBD9F = {
						TestTargetID = A1B7780B198AD5AB001BBD9F;
					};
				};
			};
			buildConfigurationList = A1B77807198AD5AA001BBD9F /* Build configuration list for PBXProject "Quiz" */;
			compatibilityVersion = "Xcode 3.2";
			developmentRegion = English;
			hasScannedForEncodings = 0;
			knownRegions = (
				en,
			);
			mainGroup = A1B77803198AD5AA001BBD9F;
			productRefGroup = A1B7780D198AD5AB001BBD9F /* Products */;
			projectDirPath = "";
			projectRoot = "";
			targets = (
				A1B7780B198AD5AB001BBD9F /* Quiz */,
				A1B77826198AD5AB001BBD9F /* QuizTests */,
			);
		};
/* End PBXProject section */

/* Begin PBXResourcesBuildPhase section */
		A1B7780A198AD5AB001BBD9F /* Resources */ = {
			isa = PBXResourcesBuildPhase;
			buildActionMask = 2147483647;
			files = (
				A1B7781A198AD5AB001BBD9F /* InfoPlist.strings in Resources */,
				A1B77822198AD5AB001BBD9F /* Images.xcassets in Resources */,
			);
			runOnlyForDeploymentPostprocessing = 0;
		};
		A1B77825198AD5AB001BBD9F /* Resources */ = {
			isa = PBXResourcesBuildPhase;
			buildActionMask = 2147483647;
			files = (
				A1B77833198AD5AB001BBD9F /* InfoPlist.strings in Resources */,
			);
			runOnlyForDeploymentPostprocessing = 0;
		};
/* End PBXResourcesBuildPhase section */

/* Begin PBXSourcesBuildPhase section */
		A1B77808198AD5AB001BBD9F /* Sources */ = {
			isa = PBXSourcesBuildPhase;
			buildActionMask = 2147483647;
			files = (
				A1B7781C198AD5AB001BBD9F /* main.m in Sources */,
				A1B77820198AD5AB001BBD9F /* BNRAppDelegate.m in Sources */,
			);
			runOnlyForDeploymentPostprocessing = 0;
		};
		A1B77823198AD5AB001BBD9F /* Sources */ = {
			isa = PBXSourcesBuildPhase;
			buildActionMask = 2147483647;
			files = (
				A1B77835198AD5AB001BBD9F /* QuizTests.m in Sources */,
			);
			runOnlyForDeploymentPostprocessing = 0;
		};
/* End PBXSourcesBuildPhase section */

/* Begin PBXTargetDependency section */
		A1B7782D198AD5AB001BBD9F /* PBXTargetDependency */ = {
			isa = PBXTargetDependency;
			target = A1B7780B198AD5AB001BBD9F /* Quiz */;
			targetProxy = A1B7782C198AD5AB001BBD9F /* PBXContainerItemProxy */;
		};
/* End PBXTargetDependency section */

/* Begin PBXVariantGroup section */
		A1B77818198AD5AB001BBD9F /* InfoPlist.strings */ = {
			isa = PBXVariantGroup;
			children = (
				A1B77819198AD5AB001BBD9F /* en */,
			);
			name = InfoPlist.strings;
			sourceTree = "<group>";
		};
		A1B77831198AD5AB001BBD9F /* InfoPlist.strings */ = {
			isa = PBXVariantGroup;
			children = (
				A1B77832198AD5AB001BBD9F /* en */,
			);
			name = InfoPlist.strings;
			sourceTree = "<group>";
		};
/* End PBXVariantGroup section */

/* Begin XCBuildConfiguration section */
		A1B77836198AD5AB001BBD9F /* Debug */ = {
			isa = XCBuildConfiguration;
			buildSettings = {
				ALWAYS_SEARCH_USER_PATHS = NO;
				CLANG_CXX_LANGUAGE_STANDARD = "gnu++0x";
				CLANG_CXX_LIBRARY = "libc++";
				CLANG_ENABLE_MODULES = YES;
				CLANG_ENABLE_OBJC_ARC = YES;
				CLANG_WARN_BOOL_CONVERSION = YES;
				CLANG_WARN_CONSTANT_CONVERSION = YES;
				CLANG_WARN_DIRECT_OBJC_ISA_USAGE = YES_ERROR;
				CLANG_WARN_EMPTY_BODY = YES;
				CLANG_WARN_ENUM_CONVERSION = YES;
				CLANG_WARN_INT_CONVERSION = YES;
				CLANG_WARN_OBJC_ROOT_CLASS = YES_ERROR;
				CLANG_WARN__DUPLICATE_METHOD_MATCH = YES;
				"CODE_SIGN_IDENTITY[sdk=iphoneos*]" = "iPhone Developer";
				COPY_PHASE_STRIP = NO;
				GCC_C_LANGUAGE_STANDARD = gnu99;
				GCC_DYNAMIC_NO_PIC = NO;
				GCC_OPTIMIZATION_LEVEL = 0;
				GCC_PREPROCESSOR_DEFINITIONS = (
					"DEBUG=1",
					"$(inherited)",
				);
				GCC_SYMBOLS_PRIVATE_EXTERN = NO;
				GCC_WARN_64_TO_32_BIT_CONVERSION = YES;
				GCC_WARN_ABOUT_RETURN_TYPE = YES_ERROR;
				GCC_WARN_UNDECLARED_SELECTOR = YES;
				GCC_WARN_UNINITIALIZED_AUTOS = YES_AGGRESSIVE;
				GCC_WARN_UNUSED_FUNCTION = YES;
				GCC_WARN_UNUSED_VARIABLE = YES;
				IPHONEOS_DEPLOYMENT_TARGET = 7.1;
				ONLY_ACTIVE_ARCH = YES;
				SDKROOT = iphoneos;
			};
			name = Debug;
		};
		A1B77837198AD5AB001BBD9F /* Release */ = {
			isa = XCBuildConfiguration;
			buildSettings = {
				ALWAYS_SEARCH_USER_PATHS = NO;
				CLANG_CXX_LANGUAGE_STANDARD = "gnu++0x";
				CLANG_CXX_LIBRARY = "libc++";
				CLANG_ENABLE_MODULES = YES;
				CLANG_ENABLE_OBJC_ARC = YES;
				CLANG_WARN_BOOL_CONVERSION = YES;
				CLANG_WARN_CONSTANT_CONVERSION = YES;
				CLANG_WARN_DIRECT_OBJC_ISA_USAGE = YES_ERROR;
				CLANG_WARN_EMPTY_BODY = YES;
				CLANG_WARN_ENUM_CONVERSION = YES;
				CLANG_WARN_INT_CONVERSION = YES;
				CLANG_WARN_OBJC_ROOT_CLASS = YES_ERROR;
				CLANG_WARN__DUPLICATE_METHOD_MATCH = YES;
				"CODE_SIGN_IDENTITY[sdk=iphoneos*]" = "iPhone Developer";
				COPY_PHASE_STRIP = YES;
				ENABLE_NS_ASSERTIONS = NO;
				GCC_C_LANGUAGE_STANDARD = gnu99;
				GCC_WARN_64_TO_32_BIT_CONVERSION = YES;
				GCC_WARN_ABOUT_RETURN_TYPE = YES_ERROR;
				GCC_WARN_UNDECLARED_SELECTOR = YES;
				GCC_WARN_UNINITIALIZED_AUTOS = YES_AGGRESSIVE;
				GCC_WARN_UNUSED_FUNCTION = YES;
				GCC_WARN_UNUSED_VARIABLE = YES;
				IPHONEOS_DEPLOYMENT_TARGET = 7.1;
				SDKROOT = iphoneos;
				VALIDATE_PRODUCT = YES;
			};
			name = Release;
		};
		A1B77839198AD5AB001BBD9F /* Debug */ = {
			isa = XCBuildConfiguration;
			buildSettings = {
				ASSETCATALOG_COMPILER_APPICON_NAME = AppIcon;
				ASSETCATALOG_COMPILER_LAUNCHIMAGE_NAME = LaunchImage;
				GCC_PRECOMPILE_PREFIX_HEADER = YES;
				GCC_PREFIX_HEADER = "Quiz/Quiz-Prefix.pch";
				INFOPLIST_FILE = "Quiz/Quiz-Info.plist";
				PRODUCT_NAME = "$(TARGET_NAME)";
				WRAPPER_EXTENSION = app;
			};
			name = Debug;
		};
		A1B7783A198AD5AB001BBD9F /* Release */ = {
			isa = XCBuildConfiguration;
			buildSettings = {
				ASSETCATALOG_COMPILER_APPICON_NAME = AppIcon;
				ASSETCATALOG_COMPILER_LAUNCHIMAGE_NAME = LaunchImage;
				GCC_PRECOMPILE_PREFIX_HEADER = YES;
				GCC_PREFIX_HEADER = "Quiz/Quiz-Prefix.pch";
				INFOPLIST_FILE = "Quiz/Quiz-Info.plist";
				PRODUCT_NAME = "$(TARGET_NAME)";
				WRAPPER_EXTENSION = app;
			};
			name = Release;
		};
		A1B7783C198AD5AB001BBD9F /* Debug */ = {
			isa = XCBuildConfiguration;
			buildSettings = {
				BUNDLE_LOADER = "$(BUILT_PRODUCTS_DIR)/Quiz.app/Quiz";
				FRAMEWORK_SEARCH_PATHS = (
					"$(SDKROOT)/Developer/Library/Frameworks",
					"$(inherited)",
					"$(DEVELOPER_FRAMEWORKS_DIR)",
				);
				GCC_PRECOMPILE_PREFIX_HEADER = YES;
				GCC_PREFIX_HEADER = "Quiz/Quiz-Prefix.pch";
				GCC_PREPROCESSOR_DEFINITIONS = (
					"DEBUG=1",
					"$(inherited)",
				);
				INFOPLIST_FILE = "QuizTests/QuizTests-Info.plist";
				PRODUCT_NAME = "$(TARGET_NAME)";
				TEST_HOST = "$(BUNDLE_LOADER)";
				WRAPPER_EXTENSION = xctest;
			};
			name = Debug;
		};
		A1B7783D198AD5AB001BBD9F /* Release */ = {
			isa = XCBuildConfiguration;
			buildSettings = {
				BUNDLE_LOADER = "$(BUILT_PRODUCTS_DIR)/Quiz.app/Quiz";
				FRAMEWORK_SEARCH_PATHS = (
					"$(SDKROOT)/Developer/Library/Frameworks",
					"$(inherited)",
					"$(DEVELOPER_FRAMEWORKS_DIR)",
				);
				GCC_PRECOMPILE_PREFIX_HEADER = YES;
				GCC_PREFIX_HEADER = "Quiz/Quiz-Prefix.pch";
				INFOPLIST_FILE = "QuizTests/QuizTests-Info.plist";
				PRODUCT_NAME = "$(TARGET_NAME)";
				TEST_HOST = "$(BUNDLE_LOADER)";
				WRAPPER_EXTENSION = xctest;
			};
			name = Release;
		};
/* End XCBuildConfiguration section */

/* Begin XCConfigurationList section */
		A1B77807198AD5AA001BBD9F /* Build configuration list for PBXProject "Quiz" */ = {
			isa = XCConfigurationList;
			buildConfigurations = (
				A1B77836198AD5AB001BBD9F /* Debug */,
				A1B77837198AD5AB001BBD9F /* Release */,
			);
			defaultConfigurationIsVisible = 0;
			defaultConfigurationName = Release;
		};
		A1B77838198AD5AB001BBD9F /* Build configuration list for PBXNativeTarget "Quiz" */ = {
			isa = XCConfigurationList;
			buildConfigurations = (
				A1B77839198AD5AB001BBD9F /* Debug */,
				A1B7783A198AD5AB001BBD9F /* Release */,
			);
			defaultConfigurationIsVisible = 0;
		};
		A1B7783B198AD5AB001BBD9F /* Build configuration list for PBXNativeTarget "QuizTests" */ = {
			isa = XCConfigurationList;
			buildConfigurations = (
				A1B7783C198AD5AB001BBD9F /* Debug */,
				A1B7783D198AD5AB001BBD9F /* Release */,
			);
			defaultConfigurationIsVisible = 0;
		};
/* End XCConfigurationList section */
	};
	rootObject = A1B77804198AD5AA001BBD9F /* Project object */;
}
